
Microsoft Visual Studio Solution File, Format Version 12.00
# Visual Studio Version 16
VisualStudioVersion = 16.0.29102.190
MinimumVisualStudioVersion = 10.0.40219.1
Project("{8BC9CEB8-8B4A-11D0-8D11-00A0C91BC942}") = "Sandbox", "Sandbox\Sandbox.vcxproj", "{9B040A06-3F32-4982-9320-43BFF521BB06}"
	ProjectSection(ProjectDependencies) = postProject
		{4AFE8F70-C027-4826-8DB0-DB8DB7833F65} = {4AFE8F70-C027-4826-8DB0-DB8DB7833F65}
		{DF411FFC-CBD5-485D-B04E-6EEE58E4D473} = {DF411FFC-CBD5-485D-B04E-6EEE58E4D473}
	EndProjectSection
EndProject
Project("{2150E333-8FDC-42A3-9474-1A3956D46DE8}") = "Inception", "Inception", "{F3CF3E68-94EF-4F7B-900A-8DE189CA462D}"
EndProject
Project("{8BC9CEB8-8B4A-11D0-8D11-00A0C91BC942}") = "ChaosCV", "Inception\ChaosCV\ChaosCV.vcxproj", "{4AFE8F70-C027-4826-8DB0-DB8DB7833F65}"
EndProject
Project("{2150E333-8FDC-42A3-9474-1A3956D46DE8}") = "Extension", "Extension", "{912E6DFE-81D8-48F8-B2F0-91C66D1E22C6}"
EndProject
Project("{8BC9CEB8-8B4A-11D0-8D11-00A0C91BC942}") = "ChaosMX", "Inception\Extension\ChaosMX\ChaosMX.vcxproj", "{DF411FFC-CBD5-485D-B04E-6EEE58E4D473}"
	ProjectSection(ProjectDependencies) = postProject
		{4AFE8F70-C027-4826-8DB0-DB8DB7833F65} = {4AFE8F70-C027-4826-8DB0-DB8DB7833F65}
	EndProjectSection
EndProject
Project("{2150E333-8FDC-42A3-9474-1A3956D46DE8}") = "Scripts", "Scripts", "{100C4A2E-BEF4-4F1F-87B4-303F852DBC8A}"
	ProjectSection(SolutionItems) = preProject
		Inception\Scripts\AddBuildNumber.py = Inception\Scripts\AddBuildNumber.py
	EndProjectSection
EndProject
Project("{2150E333-8FDC-42A3-9474-1A3956D46DE8}") = "Tools", "Tools", "{BF069455-CDD6-483D-BB15-85D590FA33EC}"
EndProject
Project("{8BC9CEB8-8B4A-11D0-8D11-00A0C91BC942}") = "FaceBench", "Tools\FaceBench\FaceBench.vcxproj", "{F800E830-CB3C-4771-AD6C-8AD6B4DAF00B}"
	ProjectSection(ProjectDependencies) = postProject
		{4AFE8F70-C027-4826-8DB0-DB8DB7833F65} = {4AFE8F70-C027-4826-8DB0-DB8DB7833F65}
		{DF411FFC-CBD5-485D-B04E-6EEE58E4D473} = {DF411FFC-CBD5-485D-B04E-6EEE58E4D473}
	EndProjectSection
EndProject
Global
	GlobalSection(SolutionConfigurationPlatforms) = preSolution
		Debug|x64 = Debug|x64
		Debug|x86 = Debug|x86
		Release|x64 = Release|x64
		Release|x86 = Release|x86
	EndGlobalSection
	GlobalSection(ProjectConfigurationPlatforms) = postSolution
		{9B040A06-3F32-4982-9320-43BFF521BB06}.Debug|x64.ActiveCfg = Debug|x64
		{9B040A06-3F32-4982-9320-43BFF521BB06}.Debug|x64.Build.0 = Debug|x64
		{9B040A06-3F32-4982-9320-43BFF521BB06}.Debug|x86.ActiveCfg = Debug|Win32
		{9B040A06-3F32-4982-9320-43BFF521BB06}.Debug|x86.Build.0 = Debug|Win32
		{9B040A06-3F32-4982-9320-43BFF521BB06}.Release|x64.ActiveCfg = Release|x64
		{9B040A06-3F32-4982-9320-43BFF521BB06}.Release|x64.Build.0 = Release|x64
		{9B040A06-3F32-4982-9320-43BFF521BB06}.Release|x86.ActiveCfg = Release|Win32
		{9B040A06-3F32-4982-9320-43BFF521BB06}.Release|x86.Build.0 = Release|Win32
		{4AFE8F70-C027-4826-8DB0-DB8DB7833F65}.Debug|x64.ActiveCfg = Debug|x64
		{4AFE8F70-C027-4826-8DB0-DB8DB7833F65}.Debug|x64.Build.0 = Debug|x64
		{4AFE8F70-C027-4826-8DB0-DB8DB7833F65}.Debug|x86.ActiveCfg = Debug|Win32
		{4AFE8F70-C027-4826-8DB0-DB8DB7833F65}.Debug|x86.Build.0 = Debug|Win32
		{4AFE8F70-C027-4826-8DB0-DB8DB7833F65}.Release|x64.ActiveCfg = Release|x64
		{4AFE8F70-C027-4826-8DB0-DB8DB7833F65}.Release|x64.Build.0 = Release|x64
		{4AFE8F70-C027-4826-8DB0-DB8DB7833F65}.Release|x86.ActiveCfg = Release|Win32
		{4AFE8F70-C027-4826-8DB0-DB8DB7833F65}.Release|x86.Build.0 = Release|Win32
		{DF411FFC-CBD5-485D-B04E-6EEE58E4D473}.Debug|x64.ActiveCfg = Debug|x64
		{DF411FFC-CBD5-485D-B04E-6EEE58E4D473}.Debug|x64.Build.0 = Debug|x64
		{DF411FFC-CBD5-485D-B04E-6EEE58E4D473}.Debug|x86.ActiveCfg = Debug|Win32
		{DF411FFC-CBD5-485D-B04E-6EEE58E4D473}.Debug|x86.Build.0 = Debug|Win32
		{DF411FFC-CBD5-485D-B04E-6EEE58E4D473}.Release|x64.ActiveCfg = Release|x64
		{DF411FFC-CBD5-485D-B04E-6EEE58E4D473}.Release|x64.Build.0 = Release|x64
		{DF411FFC-CBD5-485D-B04E-6EEE58E4D473}.Release|x86.ActiveCfg = Release|Win32
		{DF411FFC-CBD5-485D-B04E-6EEE58E4D473}.Release|x86.Build.0 = Release|Win32
		{F800E830-CB3C-4771-AD6C-8AD6B4DAF00B}.Debug|x64.ActiveCfg = Debug|x64
		{F800E830-CB3C-4771-AD6C-8AD6B4DAF00B}.Debug|x64.Build.0 = Debug|x64
		{F800E830-CB3C-4771-AD6C-8AD6B4DAF00B}.Debug|x86.ActiveCfg = Debug|Win32
		{F800E830-CB3C-4771-AD6C-8AD6B4DAF00B}.Debug|x86.Build.0 = Debug|Win32
		{F800E830-CB3C-4771-AD6C-8AD6B4DAF00B}.Release|x64.ActiveCfg = Release|x64
		{F800E830-CB3C-4771-AD6C-8AD6B4DAF00B}.Release|x64.Build.0 = Release|x64
		{F800E830-CB3C-4771-AD6C-8AD6B4DAF00B}.Release|x86.ActiveCfg = Release|Win32
		{F800E830-CB3C-4771-AD6C-8AD6B4DAF00B}.Release|x86.Build.0 = Release|Win32
	EndGlobalSection
	GlobalSection(SolutionProperties) = preSolution
		HideSolutionNode = FALSE
	EndGlobalSection
	GlobalSection(NestedProjects) = preSolution
		{4AFE8F70-C027-4826-8DB0-DB8DB7833F65} = {F3CF3E68-94EF-4F7B-900A-8DE189CA462D}
		{912E6DFE-81D8-48F8-B2F0-91C66D1E22C6} = {F3CF3E68-94EF-4F7B-900A-8DE189CA462D}
		{DF411FFC-CBD5-485D-B04E-6EEE58E4D473} = {912E6DFE-81D8-48F8-B2F0-91C66D1E22C6}
		{100C4A2E-BEF4-4F1F-87B4-303F852DBC8A} = {F3CF3E68-94EF-4F7B-900A-8DE189CA462D}
		{F800E830-CB3C-4771-AD6C-8AD6B4DAF00B} = {BF069455-CDD6-483D-BB15-85D590FA33EC}
	EndGlobalSection
	GlobalSection(ExtensibilityGlobals) = postSolution
		SolutionGuid = {4F916F7D-213F-496C-9256-930BCBB42BFB}
	EndGlobalSection
EndGlobal
