<?xml version="1.0" encoding="utf-8"?>
<Project ToolsVersion="4.0" xmlns="http://schemas.microsoft.com/developer/msbuild/2003">
  <ItemGroup>
    <Filter Include="Source Files">
      <UniqueIdentifier>{4FC737F1-C7A5-4376-A066-2A32D752A2FF}</UniqueIdentifier>
      <Extensions>cpp;c;cc;cxx;def;odl;idl;hpj;bat;asm;asmx</Extensions>
    </Filter>
    <Filter Include="Header Files">
      <UniqueIdentifier>{93995380-89BD-4b04-88EB-625FBE52EBFB}</UniqueIdentifier>
      <Extensions>h;hh;hpp;hxx;hm;inl;inc;ipp;xsd</Extensions>
    </Filter>
    <Filter Include="Resource Files">
      <UniqueIdentifier>{67DA6AB6-F800-4c08-8B7A-83BB121AAD01}</UniqueIdentifier>
      <Extensions>rc;ico;cur;bmp;dlg;rc2;rct;bin;rgs;gif;jpg;jpeg;jpe;resx;tiff;tif;png;wav;mfcribbon-ms</Extensions>
    </Filter>
    <Filter Include="Header Files\core">
      <UniqueIdentifier>{914764f0-0ae5-4833-a48a-f683b6e4f1c8}</UniqueIdentifier>
    </Filter>
    <Filter Include="Source Files\core">
      <UniqueIdentifier>{147ed6ca-5d27-4357-9174-b372187ed09a}</UniqueIdentifier>
    </Filter>
    <Filter Include="Header Files\dnn">
      <UniqueIdentifier>{3b58e7df-4f56-4982-8eb2-ab44a6b7a3a7}</UniqueIdentifier>
    </Filter>
    <Filter Include="Source Files\dnn">
      <UniqueIdentifier>{71a92abe-b985-4a13-9d5e-f24dfe42cd2f}</UniqueIdentifier>
    </Filter>
    <Filter Include="Header Files\dnn\layers">
      <UniqueIdentifier>{73e493e7-fe0b-4673-8d88-051c5cb05b39}</UniqueIdentifier>
    </Filter>
    <Filter Include="Source Files\dnn\layers">
      <UniqueIdentifier>{c0e5764b-9e78-4d8a-8a6b-c6fa0ab32d27}</UniqueIdentifier>
    </Filter>
    <Filter Include="Header Files\utils">
      <UniqueIdentifier>{4befceb6-b73b-48dd-a1b5-c660f6e28d81}</UniqueIdentifier>
    </Filter>
    <Filter Include="Source Files\utils">
      <UniqueIdentifier>{7b85fa57-ac1e-46e5-bf42-07acb12ddad0}</UniqueIdentifier>
    </Filter>
    <Filter Include="Header Files\face">
      <UniqueIdentifier>{87dcb894-4c99-46f3-9f30-e97b4fba32a6}</UniqueIdentifier>
    </Filter>
    <Filter Include="Source Files\face">
      <UniqueIdentifier>{035b237a-6659-429a-b2b9-4624a6961ca9}</UniqueIdentifier>
    </Filter>
  </ItemGroup>
  <ItemGroup>
    <ClInclude Include="include\chaoscv.hpp">
      <Filter>Header Files</Filter>
    </ClInclude>
    <ClInclude Include="include\core\core.hpp">
      <Filter>Header Files\core</Filter>
    </ClInclude>
    <ClInclude Include="include\core\log.hpp">
      <Filter>Header Files\core</Filter>
    </ClInclude>
    <ClInclude Include="include\core\flags.hpp">
      <Filter>Header Files\core</Filter>
    </ClInclude>
    <ClInclude Include="include\core\def.hpp">
      <Filter>Header Files\core</Filter>
    </ClInclude>
    <ClInclude Include="include\core\allocator.hpp">
      <Filter>Header Files\core</Filter>
    </ClInclude>
    <ClInclude Include="include\dnn\tensor.hpp">
      <Filter>Header Files\dnn</Filter>
    </ClInclude>
    <ClInclude Include="include\dnn\net.hpp">
      <Filter>Header Files\dnn</Filter>
    </ClInclude>
    <ClInclude Include="include\dnn\layers\data_layer.hpp">
      <Filter>Header Files\dnn\layers</Filter>
    </ClInclude>
    <ClInclude Include="include\dnn\reg.hpp">
      <Filter>Header Files\dnn</Filter>
    </ClInclude>
    <ClInclude Include="include\utils\numpy.hpp">
      <Filter>Header Files\utils</Filter>
    </ClInclude>
    <ClInclude Include="include\utils\json.hpp">
      <Filter>Header Files\utils</Filter>
    </ClInclude>
    <ClInclude Include="include\dnn\optimizer.hpp">
      <Filter>Header Files\dnn</Filter>
    </ClInclude>
    <ClInclude Include="include\dnn\group.hpp">
      <Filter>Header Files\dnn</Filter>
    </ClInclude>
    <ClInclude Include="include\face\face_info.hpp">
      <Filter>Header Files\face</Filter>
    </ClInclude>
    <ClInclude Include="include\utils\utils.hpp">
      <Filter>Header Files\utils</Filter>
    </ClInclude>
    <ClInclude Include="include\face\detector.hpp">
      <Filter>Header Files\face</Filter>
    </ClInclude>
    <ClInclude Include="include\face\aligner.hpp">
      <Filter>Header Files\face</Filter>
    </ClInclude>
  </ItemGroup>
  <ItemGroup>
    <ClCompile Include="src\core\core.cpp">
      <Filter>Source Files\core</Filter>
    </ClCompile>
    <ClCompile Include="src\core\log.cpp">
      <Filter>Source Files\core</Filter>
    </ClCompile>
    <ClCompile Include="src\core\file.cpp">
      <Filter>Source Files\core</Filter>
    </ClCompile>
    <ClCompile Include="src\core\flags.cpp">
      <Filter>Source Files\core</Filter>
    </ClCompile>
    <ClCompile Include="src\core\allocator.cpp">
      <Filter>Source Files\core</Filter>
    </ClCompile>
    <ClCompile Include="src\dnn\tensor.cpp">
      <Filter>Source Files\dnn</Filter>
    </ClCompile>
    <ClCompile Include="src\dnn\net.cpp">
      <Filter>Source Files\dnn</Filter>
    </ClCompile>
    <ClCompile Include="src\dnn\layers\data_layer.cpp">
      <Filter>Source Files\dnn\layers</Filter>
    </ClCompile>
    <ClCompile Include="src\dnn\reg.cpp">
      <Filter>Source Files\dnn</Filter>
    </ClCompile>
    <ClCompile Include="src\utils\numpy.cpp">
      <Filter>Source Files\utils</Filter>
    </ClCompile>
    <ClCompile Include="src\utils\json.cpp">
      <Filter>Source Files\utils</Filter>
    </ClCompile>
    <ClCompile Include="src\dnn\group.cpp">
      <Filter>Source Files\dnn</Filter>
    </ClCompile>
    <ClCompile Include="src\utils\utils.cpp">
      <Filter>Source Files\utils</Filter>
    </ClCompile>
    <ClCompile Include="src\face\face_info.cpp">
      <Filter>Source Files\face</Filter>
    </ClCompile>
    <ClCompile Include="src\face\l5_aligner.cpp">
      <Filter>Source Files\face</Filter>
    </ClCompile>
  </ItemGroup>
</Project>